Microsoft Visual Studio Solution File, Format Version 12.00
# Visual Studio Version 17
VisualStudioVersion = 17.5.2.0
MinimumVisualStudioVersion = 10.0.40219.1
Project("{2150E333-8FDC-42A3-9474-1A3956D46DE8}") = "src", "src", "{827E0CD3-B72D-47B6-A68D-7590B98EB39B}"
EndProject
Project("{FAE04EC0-301F-11D3-BF4B-00C04F79EFBC}") = "CompareVi.Shared", "src\CompareVi.Shared\CompareVi.Shared.csproj", "{15CDF1F8-85DC-3E24-837B-B4236CF45833}"
EndProject
Project("{FAE04EC0-301F-11D3-BF4B-00C04F79EFBC}") = "CompareVi.Tools.Cli", "src\CompareVi.Tools.Cli\CompareVi.Tools.Cli.csproj", "{EED9BFD1-3462-3E28-5122-B952B3E2632E}"
EndProject
Global
	GlobalSection(SolutionConfigurationPlatforms) = preSolution
		Debug|Any CPU = Debug|Any CPU
		Release|Any CPU = Release|Any CPU
	EndGlobalSection
	GlobalSection(ProjectConfigurationPlatforms) = postSolution
		{15CDF1F8-85DC-3E24-837B-B4236CF45833}.Debug|Any CPU.ActiveCfg = Debug|Any CPU
		{15CDF1F8-85DC-3E24-837B-B4236CF45833}.Debug|Any CPU.Build.0 = Debug|Any CPU
		{15CDF1F8-85DC-3E24-837B-B4236CF45833}.Release|Any CPU.ActiveCfg = Release|Any CPU
		{15CDF1F8-85DC-3E24-837B-B4236CF45833}.Release|Any CPU.Build.0 = Release|Any CPU
		{EED9BFD1-3462-3E28-5122-B952B3E2632E}.Debug|Any CPU.ActiveCfg = Debug|Any CPU
		{EED9BFD1-3462-3E28-5122-B952B3E2632E}.Debug|Any CPU.Build.0 = Debug|Any CPU
		{EED9BFD1-3462-3E28-5122-B952B3E2632E}.Release|Any CPU.ActiveCfg = Release|Any CPU
		{EED9BFD1-3462-3E28-5122-B952B3E2632E}.Release|Any CPU.Build.0 = Release|Any CPU
	EndGlobalSection
	GlobalSection(SolutionProperties) = preSolution
		HideSolutionNode = FALSE
	EndGlobalSection
	GlobalSection(NestedProjects) = preSolution
		{15CDF1F8-85DC-3E24-837B-B4236CF45833} = {827E0CD3-B72D-47B6-A68D-7590B98EB39B}
		{EED9BFD1-3462-3E28-5122-B952B3E2632E} = {827E0CD3-B72D-47B6-A68D-7590B98EB39B}
	EndGlobalSection
	GlobalSection(ExtensibilityGlobals) = postSolution
		SolutionGuid = {AB0653D4-53F9-4B7A-8E34-00D83EB9FA00}
	EndGlobalSection
EndGlobal
